<?xml version="1.0" encoding="utf-8"?>
<Project ToolsVersion="4.0" xmlns="http://schemas.microsoft.com/developer/msbuild/2003">
  <ItemGroup>
    <ClCompile Include="Src\DownloadURL.cpp">
      <Filter>Src</Filter>
    </ClCompile>
    <ClCompile Include="Src\HTTP.cpp">
      <Filter>Src</Filter>
    </ClCompile>
    <ClCompile Include="Src\IPv6.cpp">
      <Filter>Src</Filter>
    </ClCompile>
    <ClCompile Include="Src\NetDriver.cpp">
      <Filter>Src</Filter>
    </ClCompile>
    <ClCompile Include="Src\Socket.cpp">
      <Filter>Src</Filter>
    </ClCompile>
    <ClCompile Include="Src\XC_IpDrv.cpp">
      <Filter>Src</Filter>
    </ClCompile>
  </ItemGroup>
  <ItemGroup>
    <Filter Include="Inc">
      <UniqueIdentifier>{53ba2cf4-6b6a-40cc-9e5f-96132457d661}</UniqueIdentifier>
    </Filter>
    <Filter Include="Src">
      <UniqueIdentifier>{204cd930-8c77-4535-97d9-4925b12138f5}</UniqueIdentifier>
    </Filter>
  </ItemGroup>
  <ItemGroup>
    <ClInclude Include="Inc\XC_DownloadURL.h">
      <Filter>Inc</Filter>
    </ClInclude>
    <ClInclude Include="Inc\Socket.h">
      <Filter>Inc</Filter>
    </ClInclude>
    <ClInclude Include="Inc\IPv6.h">
      <Filter>Inc</Filter>
    </ClInclude>
    <ClInclude Include="Inc\HTTPDownload.h">
      <Filter>Inc</Filter>
    </ClInclude>
    <ClInclude Include="Inc\XC_TcpNetDriver.h">
      <Filter>Inc</Filter>
    </ClInclude>
    <ClInclude Include="Inc\XC_IpDrvClasses.h">
      <Filter>Inc</Filter>
    </ClInclude>
    <ClInclude Include="Inc\XC_IpDrv.h">
      <Filter>Inc</Filter>
    </ClInclude>
  </ItemGroup>
</Project>